
Microsoft Visual Studio Solution File, Format Version 12.00
# Visual Studio 15
VisualStudioVersion = 15.0.28307.438
MinimumVisualStudioVersion = 10.0.40219.1
Project("{FAE04EC0-301F-11D3-BF4B-00C04F79EFBC}") = "RESTCalculatorConsumer", "RESTCalculatorConsumer\RESTCalculatorConsumer.csproj", "{9889D4D3-0227-4D68-8EE6-65B08693ECF5}"
EndProject
Global
	GlobalSection(SolutionConfigurationPlatforms) = preSolution
		Debug|Any CPU = Debug|Any CPU
		Release|Any CPU = Release|Any CPU
	EndGlobalSection
	GlobalSection(ProjectConfigurationPlatforms) = postSolution
		{9889D4D3-0227-4D68-8EE6-65B08693ECF5}.Debug|Any CPU.ActiveCfg = Debug|Any CPU
		{9889D4D3-0227-4D68-8EE6-65B08693ECF5}.Debug|Any CPU.Build.0 = Debug|Any CPU
		{9889D4D3-0227-4D68-8EE6-65B08693ECF5}.Release|Any CPU.ActiveCfg = Release|Any CPU
		{9889D4D3-0227-4D68-8EE6-65B08693ECF5}.Release|Any CPU.Build.0 = Release|Any CPU
	EndGlobalSection
	GlobalSection(SolutionProperties) = preSolution
		HideSolutionNode = FALSE
	EndGlobalSection
	GlobalSection(ExtensibilityGlobals) = postSolution
		SolutionGuid = {AE6243A6-6DF6-46D8-9720-9B12193622C5}
	EndGlobalSection
EndGlobal
